
Microsoft Visual Studio Solution File, Format Version 12.00
# Visual Studio Version 17
VisualStudioVersion = 17.14.36616.10 d17.14
MinimumVisualStudioVersion = 10.0.40219.1
Project("{FAE04EC0-301F-11D3-BF4B-00C04F79EFBC}") = "MinimalDiarizationTest", "MinimalDiarizationTest.csproj", "{53DD2B66-5B81-9751-A268-A1B043E34738}"
EndProject
Project("{FAE04EC0-301F-11D3-BF4B-00C04F79EFBC}") = "MinimalDiarization", "..\MinimalDiarization\MinimalDiarization.csproj", "{204A7AE7-ECDF-9E11-B6C9-BF232053639A}"
EndProject
Project("{FAE04EC0-301F-11D3-BF4B-00C04F79EFBC}") = "MinimalSileroVAD.Core", "..\MinimalSileroVad\MinimalSileroVAD.Core\MinimalSileroVAD.Core.csproj", "{9233E94B-0318-CC8B-77BC-B620649A03AB}"
EndProject
Global
	GlobalSection(SolutionConfigurationPlatforms) = preSolution
		Debug|Any CPU = Debug|Any CPU
		Release|Any CPU = Release|Any CPU
	EndGlobalSection
	GlobalSection(ProjectConfigurationPlatforms) = postSolution
		{53DD2B66-5B81-9751-A268-A1B043E34738}.Debug|Any CPU.ActiveCfg = Debug|Any CPU
		{53DD2B66-5B81-9751-A268-A1B043E34738}.Debug|Any CPU.Build.0 = Debug|Any CPU
		{53DD2B66-5B81-9751-A268-A1B043E34738}.Release|Any CPU.ActiveCfg = Release|Any CPU
		{53DD2B66-5B81-9751-A268-A1B043E34738}.Release|Any CPU.Build.0 = Release|Any CPU
		{204A7AE7-ECDF-9E11-B6C9-BF232053639A}.Debug|Any CPU.ActiveCfg = Debug|Any CPU
		{204A7AE7-ECDF-9E11-B6C9-BF232053639A}.Debug|Any CPU.Build.0 = Debug|Any CPU
		{204A7AE7-ECDF-9E11-B6C9-BF232053639A}.Release|Any CPU.ActiveCfg = Release|Any CPU
		{204A7AE7-ECDF-9E11-B6C9-BF232053639A}.Release|Any CPU.Build.0 = Release|Any CPU
		{9233E94B-0318-CC8B-77BC-B620649A03AB}.Debug|Any CPU.ActiveCfg = Debug|Any CPU
		{9233E94B-0318-CC8B-77BC-B620649A03AB}.Debug|Any CPU.Build.0 = Debug|Any CPU
		{9233E94B-0318-CC8B-77BC-B620649A03AB}.Release|Any CPU.ActiveCfg = Release|Any CPU
		{9233E94B-0318-CC8B-77BC-B620649A03AB}.Release|Any CPU.Build.0 = Release|Any CPU
	EndGlobalSection
	GlobalSection(SolutionProperties) = preSolution
		HideSolutionNode = FALSE
	EndGlobalSection
	GlobalSection(ExtensibilityGlobals) = postSolution
		SolutionGuid = {9027767F-E812-48DA-B330-7082D7618396}
	EndGlobalSection
EndGlobal
